
Microsoft Visual Studio Solution File, Format Version 12.00
# Visual Studio Version 17
VisualStudioVersion = 17.0.32112.339
MinimumVisualStudioVersion = 10.0.40219.1
Project("{FAE04EC0-301F-11D3-BF4B-00C04F79EFBC}") = "DCE.FileSorter", "DCE.FileSorter\DCE.FileSorter.csproj", "{B2662137-A528-443F-9FAF-8FD026BA3FC9}"
EndProject
Global
	GlobalSection(SolutionConfigurationPlatforms) = preSolution
		Debug|Any CPU = Debug|Any CPU
		Release|Any CPU = Release|Any CPU
	EndGlobalSection
	GlobalSection(ProjectConfigurationPlatforms) = postSolution
		{B2662137-A528-443F-9FAF-8FD026BA3FC9}.Debug|Any CPU.ActiveCfg = Debug|Any CPU
		{B2662137-A528-443F-9FAF-8FD026BA3FC9}.Debug|Any CPU.Build.0 = Debug|Any CPU
		{B2662137-A528-443F-9FAF-8FD026BA3FC9}.Release|Any CPU.ActiveCfg = Release|Any CPU
		{B2662137-A528-443F-9FAF-8FD026BA3FC9}.Release|Any CPU.Build.0 = Release|Any CPU
	EndGlobalSection
	GlobalSection(SolutionProperties) = preSolution
		HideSolutionNode = FALSE
	EndGlobalSection
	GlobalSection(ExtensibilityGlobals) = postSolution
		SolutionGuid = {98AAE5D0-E848-43A2-B1DC-0335B450AA47}
	EndGlobalSection
EndGlobal
